
Microsoft Visual Studio Solution File, Format Version 12.00
# Visual Studio Version 17
VisualStudioVersion = 17.7.34024.191
MinimumVisualStudioVersion = 10.0.40219.1
Project("{9A19103F-16F7-4668-BE54-9A1E7A4F7556}") = "ExamenASP", "ExamenASP.csproj", "{0A927134-BE61-401C-A7BC-FD0EC5ED078B}"
EndProject
Project("{FAE04EC0-301F-11D3-BF4B-00C04F79EFBC}") = "DB", "..\DB\DB.csproj", "{5E647525-AB61-410D-8D58-857F96A5B4CE}"
EndProject
Global
	GlobalSection(SolutionConfigurationPlatforms) = preSolution
		Debug|Any CPU = Debug|Any CPU
		Release|Any CPU = Release|Any CPU
	EndGlobalSection
	GlobalSection(ProjectConfigurationPlatforms) = postSolution
		{0A927134-BE61-401C-A7BC-FD0EC5ED078B}.Debug|Any CPU.ActiveCfg = Debug|Any CPU
		{0A927134-BE61-401C-A7BC-FD0EC5ED078B}.Debug|Any CPU.Build.0 = Debug|Any CPU
		{0A927134-BE61-401C-A7BC-FD0EC5ED078B}.Release|Any CPU.ActiveCfg = Release|Any CPU
		{0A927134-BE61-401C-A7BC-FD0EC5ED078B}.Release|Any CPU.Build.0 = Release|Any CPU
		{5E647525-AB61-410D-8D58-857F96A5B4CE}.Debug|Any CPU.ActiveCfg = Debug|Any CPU
		{5E647525-AB61-410D-8D58-857F96A5B4CE}.Debug|Any CPU.Build.0 = Debug|Any CPU
		{5E647525-AB61-410D-8D58-857F96A5B4CE}.Release|Any CPU.ActiveCfg = Release|Any CPU
		{5E647525-AB61-410D-8D58-857F96A5B4CE}.Release|Any CPU.Build.0 = Release|Any CPU
	EndGlobalSection
	GlobalSection(SolutionProperties) = preSolution
		HideSolutionNode = FALSE
	EndGlobalSection
	GlobalSection(ExtensibilityGlobals) = postSolution
		SolutionGuid = {EEF684F1-E567-4EDA-A475-AA56D6870627}
	EndGlobalSection
EndGlobal
